// !$*UTF8*$!
{
	archiveVersion = 1;
	classes = {
	};
	objectVersion = 46;
	objects = {

/* Begin PBXBuildFile section */
		4C6842FA19895AA900E52B30 /* fl12.png in Resources */ = {isa = PBXBuildFile; fileRef = 4C6842F919895AA900E52B30 /* fl12.png */; };
		4C6842FC19895E6100E52B30 /* fl13.png in Resources */ = {isa = PBXBuildFile; fileRef = 4C6842FB19895E6100E52B30 /* fl13.png */; };
		4C6842FF19895F4800E52B30 /* flower_3.m in Sources */ = {isa = PBXBuildFile; fileRef = 4C6842FE19895F4800E52B30 /* flower_3.m */; };
		4C68430219895F5C00E52B30 /* flower_4.m in Sources */ = {isa = PBXBuildFile; fileRef = 4C68430119895F5C00E52B30 /* flower_4.m */; };
		4C68430519895F7B00E52B30 /* flower_5.m in Sources */ = {isa = PBXBuildFile; fileRef = 4C68430419895F7B00E52B30 /* flower_5.m */; };
		4C68430719895FF800E52B30 /* fl22.png in Resources */ = {isa = PBXBuildFile; fileRef = 4C68430619895FF800E52B30 /* fl22.png */; };
		4C68430919895FFF00E52B30 /* fl23.png in Resources */ = {isa = PBXBuildFile; fileRef = 4C68430819895FFF00E52B30 /* fl23.png */; };
		4C68430B1989600700E52B30 /* fl32.png in Resources */ = {isa = PBXBuildFile; fileRef = 4C68430A1989600700E52B30 /* fl32.png */; };
		4C68430E19896DAF00E52B30 /* backgroundG.png in Resources */ = {isa = PBXBuildFile; fileRef = 4C68430D19896DAF00E52B30 /* backgroundG.png */; };
		4CAACB4119867479007B1487 /* flower_2.m in Sources */ = {isa = PBXBuildFile; fileRef = 4CAACB4019867479007B1487 /* flower_2.m */; };
		4CAACB491986E1AE007B1487 /* easing.c in Sources */ = {isa = PBXBuildFile; fileRef = 4CAACB431986E1AE007B1487 /* easing.c */; };
		4CAACB4A1986E1AE007B1487 /* SKEase.m in Sources */ = {isa = PBXBuildFile; fileRef = 4CAACB471986E1AE007B1487 /* SKEase.m */; };
		4CAACB4C1986F4DB007B1487 /* back.png in Resources */ = {isa = PBXBuildFile; fileRef = 4CAACB4B1986F4DB007B1487 /* back.png */; };
		4CAACB541987013A007B1487 /* cloud2048.png in Resources */ = {isa = PBXBuildFile; fileRef = 4CAACB531987013A007B1487 /* cloud2048.png */; };
		4CCB8DFE19850E3100043A22 /* Foundation.framework in Frameworks */ = {isa = PBXBuildFile; fileRef = 4CCB8DFD19850E3100043A22 /* Foundation.framework */; };
		4CCB8E0019850E3100043A22 /* CoreGraphics.framework in Frameworks */ = {isa = PBXBuildFile; fileRef = 4CCB8DFF19850E3100043A22 /* CoreGraphics.framework */; };
		4CCB8E0219850E3100043A22 /* UIKit.framework in Frameworks */ = {isa = PBXBuildFile; fileRef = 4CCB8E0119850E3100043A22 /* UIKit.framework */; };
		4CCB8E0419850E3100043A22 /* SpriteKit.framework in Frameworks */ = {isa = PBXBuildFile; fileRef = 4CCB8E0319850E3100043A22 /* SpriteKit.framework */; };
		4CCB8E0A19850E3100043A22 /* InfoPlist.strings in Resources */ = {isa = PBXBuildFile; fileRef = 4CCB8E0819850E3100043A22 /* InfoPlist.strings */; };
		4CCB8E0C19850E3100043A22 /* main.m in Sources */ = {isa = PBXBuildFile; fileRef = 4CCB8E0B19850E3100043A22 /* main.m */; };
		4CCB8E1019850E3100043A22 /* AppDelegate.m in Sources */ = {isa = PBXBuildFile; fileRef = 4CCB8E0F19850E3100043A22 /* AppDelegate.m */; };
		4CCB8E1319850E3100043A22 /* Main_iPhone.storyboard in Resources */ = {isa = PBXBuildFile; fileRef = 4CCB8E1119850E3100043A22 /* Main_iPhone.storyboard */; };
		4CCB8E1619850E3100043A22 /* Main_iPad.storyboard in Resources */ = {isa = PBXBuildFile; fileRef = 4CCB8E1419850E3100043A22 /* Main_iPad.storyboard */; };
		4CCB8E1919850E3100043A22 /* ViewController.m in Sources */ = {isa = PBXBuildFile; fileRef = 4CCB8E1819850E3100043A22 /* ViewController.m */; };
		4CCB8E1C19850E3100043A22 /* MyScene.m in Sources */ = {isa = PBXBuildFile; fileRef = 4CCB8E1B19850E3100043A22 /* MyScene.m */; };
		4CCB8E1E19850E3100043A22 /* Spaceship.png in Resources */ = {isa = PBXBuildFile; fileRef = 4CCB8E1D19850E3100043A22 /* Spaceship.png */; };
		4CCB8E2019850E3100043A22 /* Images.xcassets in Resources */ = {isa = PBXBuildFile; fileRef = 4CCB8E1F19850E3100043A22 /* Images.xcassets */; };
		4CCB8E2719850E3200043A22 /* XCTest.framework in Frameworks */ = {isa = PBXBuildFile; fileRef = 4CCB8E2619850E3200043A22 /* XCTest.framework */; };
		4CCB8E2819850E3200043A22 /* Foundation.framework in Frameworks */ = {isa = PBXBuildFile; fileRef = 4CCB8DFD19850E3100043A22 /* Foundation.framework */; };
		4CCB8E2919850E3200043A22 /* UIKit.framework in Frameworks */ = {isa = PBXBuildFile; fileRef = 4CCB8E0119850E3100043A22 /* UIKit.framework */; };
		4CCB8E3119850E3200043A22 /* InfoPlist.strings in Resources */ = {isa = PBXBuildFile; fileRef = 4CCB8E2F19850E3200043A22 /* InfoPlist.strings */; };
		4CCB8E3319850E3200043A22 /* Flappy_ButterflyTests.m in Sources */ = {isa = PBXBuildFile; fileRef = 4CCB8E3219850E3200043A22 /* Flappy_ButterflyTests.m */; };
		4CCB8E48198518CC00043A22 /* butterfly1.png in Resources */ = {isa = PBXBuildFile; fileRef = 4CCB8E3E198518CC00043A22 /* butterfly1.png */; };
		4CCB8E49198518CC00043A22 /* butterfly2.png in Resources */ = {isa = PBXBuildFile; fileRef = 4CCB8E3F198518CC00043A22 /* butterfly2.png */; };
		4CCB8E4A198518CC00043A22 /* butterfly3.png in Resources */ = {isa = PBXBuildFile; fileRef = 4CCB8E40198518CC00043A22 /* butterfly3.png */; };
		4CCB8E4B198518CC00043A22 /* butterfly4.png in Resources */ = {isa = PBXBuildFile; fileRef = 4CCB8E41198518CC00043A22 /* butterfly4.png */; };
		4CCB8E4C198518CC00043A22 /* butterfly5.png in Resources */ = {isa = PBXBuildFile; fileRef = 4CCB8E42198518CC00043A22 /* butterfly5.png */; };
		4CCB8E4D198518CC00043A22 /* butterfly6.png in Resources */ = {isa = PBXBuildFile; fileRef = 4CCB8E43198518CC00043A22 /* butterfly6.png */; };
		4CCB8E4E198518CC00043A22 /* butterfly7.png in Resources */ = {isa = PBXBuildFile; fileRef = 4CCB8E44198518CC00043A22 /* butterfly7.png */; };
		4CCB8E4F198518CC00043A22 /* butterfly8.png in Resources */ = {isa = PBXBuildFile; fileRef = 4CCB8E45198518CC00043A22 /* butterfly8.png */; };
		4CCB8E50198518CC00043A22 /* butterfly9.png in Resources */ = {isa = PBXBuildFile; fileRef = 4CCB8E46198518CC00043A22 /* butterfly9.png */; };
		4CCB8E51198518CC00043A22 /* butterfly10.png in Resources */ = {isa = PBXBuildFile; fileRef = 4CCB8E47198518CC00043A22 /* butterfly10.png */; };
		4CCB8E5419852F9D00043A22 /* back1.png in Resources */ = {isa = PBXBuildFile; fileRef = 4CCB8E5319852F9D00043A22 /* back1.png */; };
		4CCB8E6319855A8F00043A22 /* flower_1.m in Sources */ = {isa = PBXBuildFile; fileRef = 4CCB8E6219855A8F00043A22 /* flower_1.m */; };
/* End PBXBuildFile section */

/* Begin PBXContainerItemProxy section */
		4CCB8E2A19850E3200043A22 /* PBXContainerItemProxy */ = {
			isa = PBXContainerItemProxy;
			containerPortal = 4CCB8DF219850E3100043A22 /* Project object */;
			proxyType = 1;
			remoteGlobalIDString = 4CCB8DF919850E3100043A22;
			remoteInfo = "Flappy Butterfly";
		};
/* End PBXContainerItemProxy section */

/* Begin PBXFileReference section */
		4C6842F919895AA900E52B30 /* fl12.png */ = {isa = PBXFileReference; lastKnownFileType = image.png; path = fl12.png; sourceTree = "<group>"; };
		4C6842FB19895E6100E52B30 /* fl13.png */ = {isa = PBXFileReference; lastKnownFileType = image.png; path = fl13.png; sourceTree = "<group>"; };
		4C6842FD19895F4800E52B30 /* flower_3.h */ = {isa = PBXFileReference; fileEncoding = 4; lastKnownFileType = sourcecode.c.h; path = flower_3.h; sourceTree = "<group>"; };
		4C6842FE19895F4800E52B30 /* flower_3.m */ = {isa = PBXFileReference; fileEncoding = 4; lastKnownFileType = sourcecode.c.objc; path = flower_3.m; sourceTree = "<group>"; };
		4C68430019895F5C00E52B30 /* flower_4.h */ = {isa = PBXFileReference; fileEncoding = 4; lastKnownFileType = sourcecode.c.h; path = flower_4.h; sourceTree = "<group>"; };
		4C68430119895F5C00E52B30 /* flower_4.m */ = {isa = PBXFileReference; fileEncoding = 4; lastKnownFileType = sourcecode.c.objc; path = flower_4.m; sourceTree = "<group>"; };
		4C68430319895F7B00E52B30 /* flower_5.h */ = {isa = PBXFileReference; fileEncoding = 4; lastKnownFileType = sourcecode.c.h; path = flower_5.h; sourceTree = "<group>"; };
		4C68430419895F7B00E52B30 /* flower_5.m */ = {isa = PBXFileReference; fileEncoding = 4; lastKnownFileType = sourcecode.c.objc; path = flower_5.m; sourceTree = "<group>"; };
		4C68430619895FF800E52B30 /* fl22.png */ = {isa = PBXFileReference; lastKnownFileType = image.png; path = fl22.png; sourceTree = "<group>"; };
		4C68430819895FFF00E52B30 /* fl23.png */ = {isa = PBXFileReference; lastKnownFileType = image.png; path = fl23.png; sourceTree = "<group>"; };
		4C68430A1989600700E52B30 /* fl32.png */ = {isa = PBXFileReference; lastKnownFileType = image.png; path = fl32.png; sourceTree = "<group>"; };
		4C68430D19896DAF00E52B30 /* backgroundG.png */ = {isa = PBXFileReference; lastKnownFileType = image.png; path = backgroundG.png; sourceTree = "<group>"; };
		4CAACB3F19867479007B1487 /* flower_2.h */ = {isa = PBXFileReference; fileEncoding = 4; lastKnownFileType = sourcecode.c.h; path = flower_2.h; sourceTree = "<group>"; };
		4CAACB4019867479007B1487 /* flower_2.m */ = {isa = PBXFileReference; fileEncoding = 4; lastKnownFileType = sourcecode.c.objc; path = flower_2.m; sourceTree = "<group>"; };
		4CAACB431986E1AE007B1487 /* easing.c */ = {isa = PBXFileReference; fileEncoding = 4; lastKnownFileType = sourcecode.c.c; path = easing.c; sourceTree = "<group>"; };
		4CAACB441986E1AE007B1487 /* easing.h */ = {isa = PBXFileReference; fileEncoding = 4; lastKnownFileType = sourcecode.c.h; path = easing.h; sourceTree = "<group>"; };
		4CAACB451986E1AE007B1487 /* EasingDeclarations.h */ = {isa = PBXFileReference; fileEncoding = 4; lastKnownFileType = sourcecode.c.h; path = EasingDeclarations.h; sourceTree = "<group>"; };
		4CAACB461986E1AE007B1487 /* SKEase.h */ = {isa = PBXFileReference; fileEncoding = 4; lastKnownFileType = sourcecode.c.h; path = SKEase.h; sourceTree = "<group>"; };
		4CAACB471986E1AE007B1487 /* SKEase.m */ = {isa = PBXFileReference; fileEncoding = 4; lastKnownFileType = sourcecode.c.objc; path = SKEase.m; sourceTree = "<group>"; };
		4CAACB4B1986F4DB007B1487 /* back.png */ = {isa = PBXFileReference; lastKnownFileType = image.png; path = back.png; sourceTree = "<group>"; };
		4CAACB531987013A007B1487 /* cloud2048.png */ = {isa = PBXFileReference; lastKnownFileType = image.png; path = cloud2048.png; sourceTree = "<group>"; };
		4CCB8DFA19850E3100043A22 /* Flappy Butterfly.app */ = {isa = PBXFileReference; explicitFileType = wrapper.application; includeInIndex = 0; path = "Flappy Butterfly.app"; sourceTree = BUILT_PRODUCTS_DIR; };
		4CCB8DFD19850E3100043A22 /* Foundation.framework */ = {isa = PBXFileReference; lastKnownFileType = wrapper.framework; name = Foundation.framework; path = System/Library/Frameworks/Foundation.framework; sourceTree = SDKROOT; };
		4CCB8DFF19850E3100043A22 /* CoreGraphics.framework */ = {isa = PBXFileReference; lastKnownFileType = wrapper.framework; name = CoreGraphics.framework; path = System/Library/Frameworks/CoreGraphics.framework; sourceTree = SDKROOT; };
		4CCB8E0119850E3100043A22 /* UIKit.framework */ = {isa = PBXFileReference; lastKnownFileType = wrapper.framework; name = UIKit.framework; path = System/Library/Frameworks/UIKit.framework; sourceTree = SDKROOT; };
		4CCB8E0319850E3100043A22 /* SpriteKit.framework */ = {isa = PBXFileReference; lastKnownFileType = wrapper.framework; name = SpriteKit.framework; path = System/Library/Frameworks/SpriteKit.framework; sourceTree = SDKROOT; };
		4CCB8E0719850E3100043A22 /* Flappy Butterfly-Info.plist */ = {isa = PBXFileReference; lastKnownFileType = text.plist.xml; path = "Flappy Butterfly-Info.plist"; sourceTree = "<group>"; };
		4CCB8E0919850E3100043A22 /* en */ = {isa = PBXFileReference; lastKnownFileType = text.plist.strings; name = en; path = en.lproj/InfoPlist.strings; sourceTree = "<group>"; };
		4CCB8E0B19850E3100043A22 /* main.m */ = {isa = PBXFileReference; lastKnownFileType = sourcecode.c.objc; path = main.m; sourceTree = "<group>"; };
		4CCB8E0D19850E3100043A22 /* Flappy Butterfly-Prefix.pch */ = {isa = PBXFileReference; lastKnownFileType = sourcecode.c.h; path = "Flappy Butterfly-Prefix.pch"; sourceTree = "<group>"; };
		4CCB8E0E19850E3100043A22 /* AppDelegate.h */ = {isa = PBXFileReference; lastKnownFileType = sourcecode.c.h; path = AppDelegate.h; sourceTree = "<group>"; };
		4CCB8E0F19850E3100043A22 /* AppDelegate.m */ = {isa = PBXFileReference; lastKnownFileType = sourcecode.c.objc; path = AppDelegate.m; sourceTree = "<group>"; };
		4CCB8E1219850E3100043A22 /* Base */ = {isa = PBXFileReference; lastKnownFileType = file.storyboard; name = Base; path = Base.lproj/Main_iPhone.storyboard; sourceTree = "<group>"; };
		4CCB8E1519850E3100043A22 /* Base */ = {isa = PBXFileReference; lastKnownFileType = file.storyboard; name = Base; path = Base.lproj/Main_iPad.storyboard; sourceTree = "<group>"; };
		4CCB8E1719850E3100043A22 /* ViewController.h */ = {isa = PBXFileReference; lastKnownFileType = sourcecode.c.h; path = ViewController.h; sourceTree = "<group>"; };
		4CCB8E1819850E3100043A22 /* ViewController.m */ = {isa = PBXFileReference; lastKnownFileType = sourcecode.c.objc; path = ViewController.m; sourceTree = "<group>"; };
		4CCB8E1A19850E3100043A22 /* MyScene.h */ = {isa = PBXFileReference; lastKnownFileType = sourcecode.c.h; path = MyScene.h; sourceTree = "<group>"; };
		4CCB8E1B19850E3100043A22 /* MyScene.m */ = {isa = PBXFileReference; lastKnownFileType = sourcecode.c.objc; path = MyScene.m; sourceTree = "<group>"; };
		4CCB8E1D19850E3100043A22 /* Spaceship.png */ = {isa = PBXFileReference; lastKnownFileType = image.png; path = Spaceship.png; sourceTree = "<group>"; };
		4CCB8E1F19850E3100043A22 /* Images.xcassets */ = {isa = PBXFileReference; lastKnownFileType = folder.assetcatalog; path = Images.xcassets; sourceTree = "<group>"; };
		4CCB8E2519850E3200043A22 /* Flappy ButterflyTests.xctest */ = {isa = PBXFileReference; explicitFileType = wrapper.cfbundle; includeInIndex = 0; path = "Flappy ButterflyTests.xctest"; sourceTree = BUILT_PRODUCTS_DIR; };
		4CCB8E2619850E3200043A22 /* XCTest.framework */ = {isa = PBXFileReference; lastKnownFileType = wrapper.framework; name = XCTest.framework; path = Library/Frameworks/XCTest.framework; sourceTree = DEVELOPER_DIR; };
		4CCB8E2E19850E3200043A22 /* Flappy ButterflyTests-Info.plist */ = {isa = PBXFileReference; lastKnownFileType = text.plist.xml; path = "Flappy ButterflyTests-Info.plist"; sourceTree = "<group>"; };
		4CCB8E3019850E3200043A22 /* en */ = {isa = PBXFileReference; lastKnownFileType = text.plist.strings; name = en; path = en.lproj/InfoPlist.strings; sourceTree = "<group>"; };
		4CCB8E3219850E3200043A22 /* Flappy_ButterflyTests.m */ = {isa = PBXFileReference; lastKnownFileType = sourcecode.c.objc; path = Flappy_ButterflyTests.m; sourceTree = "<group>"; };
		4CCB8E3E198518CC00043A22 /* butterfly1.png */ = {isa = PBXFileReference; lastKnownFileType = image.png; path = butterfly1.png; sourceTree = "<group>"; };
		4CCB8E3F198518CC00043A22 /* butterfly2.png */ = {isa = PBXFileReference; lastKnownFileType = image.png; path = butterfly2.png; sourceTree = "<group>"; };
		4CCB8E40198518CC00043A22 /* butterfly3.png */ = {isa = PBXFileReference; lastKnownFileType = image.png; path = butterfly3.png; sourceTree = "<group>"; };
		4CCB8E41198518CC00043A22 /* butterfly4.png */ = {isa = PBXFileReference; lastKnownFileType = image.png; path = butterfly4.png; sourceTree = "<group>"; };
		4CCB8E42198518CC00043A22 /* butterfly5.png */ = {isa = PBXFileReference; lastKnownFileType = image.png; path = butterfly5.png; sourceTree = "<group>"; };
		4CCB8E43198518CC00043A22 /* butterfly6.png */ = {isa = PBXFileReference; lastKnownFileType = image.png; path = butterfly6.png; sourceTree = "<group>"; };
		4CCB8E44198518CC00043A22 /* butterfly7.png */ = {isa = PBXFileReference; lastKnownFileType = image.png; path = butterfly7.png; sourceTree = "<group>"; };
		4CCB8E45198518CC00043A22 /* butterfly8.png */ = {isa = PBXFileReference; lastKnownFileType = image.png; path = butterfly8.png; sourceTree = "<group>"; };
		4CCB8E46198518CC00043A22 /* butterfly9.png */ = {isa = PBXFileReference; lastKnownFileType = image.png; path = butterfly9.png; sourceTree = "<group>"; };
		4CCB8E47198518CC00043A22 /* butterfly10.png */ = {isa = PBXFileReference; lastKnownFileType = image.png; path = butterfly10.png; sourceTree = "<group>"; };
		4CCB8E5319852F9D00043A22 /* back1.png */ = {isa = PBXFileReference; lastKnownFileType = image.png; path = back1.png; sourceTree = "<group>"; };
		4CCB8E6119855A8F00043A22 /* flower_1.h */ = {isa = PBXFileReference; fileEncoding = 4; lastKnownFileType = sourcecode.c.h; path = flower_1.h; sourceTree = "<group>"; };
		4CCB8E6219855A8F00043A22 /* flower_1.m */ = {isa = PBXFileReference; fileEncoding = 4; lastKnownFileType = sourcecode.c.objc; path = flower_1.m; sourceTree = "<group>"; };
/* End PBXFileReference section */

/* Begin PBXFrameworksBuildPhase section */
		4CCB8DF719850E3100043A22 /* Frameworks */ = {
			isa = PBXFrameworksBuildPhase;
			buildActionMask = 2147483647;
			files = (
				4CCB8E0019850E3100043A22 /* CoreGraphics.framework in Frameworks */,
				4CCB8E0219850E3100043A22 /* UIKit.framework in Frameworks */,
				4CCB8E0419850E3100043A22 /* SpriteKit.framework in Frameworks */,
				4CCB8DFE19850E3100043A22 /* Foundation.framework in Frameworks */,
			);
			runOnlyForDeploymentPostprocessing = 0;
		};
		4CCB8E2219850E3200043A22 /* Frameworks */ = {
			isa = PBXFrameworksBuildPhase;
			buildActionMask = 2147483647;
			files = (
				4CCB8E2719850E3200043A22 /* XCTest.framework in Frameworks */,
				4CCB8E2919850E3200043A22 /* UIKit.framework in Frameworks */,
				4CCB8E2819850E3200043A22 /* Foundation.framework in Frameworks */,
			);
			runOnlyForDeploymentPostprocessing = 0;
		};
/* End PBXFrameworksBuildPhase section */

/* Begin PBXGroup section */
		4CAACB421986E1A0007B1487 /* SpriteKit-Easing */ = {
			isa = PBXGroup;
			children = (
				4CAACB431986E1AE007B1487 /* easing.c */,
				4CAACB441986E1AE007B1487 /* easing.h */,
				4CAACB451986E1AE007B1487 /* EasingDeclarations.h */,
				4CAACB461986E1AE007B1487 /* SKEase.h */,
				4CAACB471986E1AE007B1487 /* SKEase.m */,
			);
			name = "SpriteKit-Easing";
			sourceTree = "<group>";
		};
		4CCB8DF119850E3100043A22 = {
			isa = PBXGroup;
			children = (
				4CAACB421986E1A0007B1487 /* SpriteKit-Easing */,
				4CCB8E0519850E3100043A22 /* Flappy Butterfly */,
				4CCB8E3C198511C200043A22 /* Resources */,
				4CCB8E2C19850E3200043A22 /* Flappy ButterflyTests */,
				4CCB8DFC19850E3100043A22 /* Frameworks */,
				4CCB8DFB19850E3100043A22 /* Products */,
			);
			sourceTree = "<group>";
		};
		4CCB8DFB19850E3100043A22 /* Products */ = {
			isa = PBXGroup;
			children = (
				4CCB8DFA19850E3100043A22 /* Flappy Butterfly.app */,
				4CCB8E2519850E3200043A22 /* Flappy ButterflyTests.xctest */,
			);
			name = Products;
			sourceTree = "<group>";
		};
		4CCB8DFC19850E3100043A22 /* Frameworks */ = {
			isa = PBXGroup;
			children = (
				4CCB8DFD19850E3100043A22 /* Foundation.framework */,
				4CCB8DFF19850E3100043A22 /* CoreGraphics.framework */,
				4CCB8E0119850E3100043A22 /* UIKit.framework */,
				4CCB8E0319850E3100043A22 /* SpriteKit.framework */,
				4CCB8E2619850E3200043A22 /* XCTest.framework */,
			);
			name = Frameworks;
			sourceTree = "<group>";
		};
		4CCB8E0519850E3100043A22 /* Flappy Butterfly */ = {
			isa = PBXGroup;
			children = (
				4CCB8E6019855A5700043A22 /* Nodes */,
				4CCB8E0E19850E3100043A22 /* AppDelegate.h */,
				4CCB8E0F19850E3100043A22 /* AppDelegate.m */,
				4CCB8E1119850E3100043A22 /* Main_iPhone.storyboard */,
				4CCB8E1419850E3100043A22 /* Main_iPad.storyboard */,
				4CCB8E1719850E3100043A22 /* ViewController.h */,
				4CCB8E1819850E3100043A22 /* ViewController.m */,
				4CCB8E1A19850E3100043A22 /* MyScene.h */,
				4CCB8E1B19850E3100043A22 /* MyScene.m */,
				4CCB8E1D19850E3100043A22 /* Spaceship.png */,
				4CCB8E1F19850E3100043A22 /* Images.xcassets */,
				4CCB8E0619850E3100043A22 /* Supporting Files */,
			);
			path = "Flappy Butterfly";
			sourceTree = "<group>";
		};
		4CCB8E0619850E3100043A22 /* Supporting Files */ = {
			isa = PBXGroup;
			children = (
				4CCB8E0719850E3100043A22 /* Flappy Butterfly-Info.plist */,
				4CCB8E0819850E3100043A22 /* InfoPlist.strings */,
				4CCB8E0B19850E3100043A22 /* main.m */,
				4CCB8E0D19850E3100043A22 /* Flappy Butterfly-Prefix.pch */,
			);
			name = "Supporting Files";
			sourceTree = "<group>";
		};
		4CCB8E2C19850E3200043A22 /* Flappy ButterflyTests */ = {
			isa = PBXGroup;
			children = (
				4CCB8E3219850E3200043A22 /* Flappy_ButterflyTests.m */,
				4CCB8E2D19850E3200043A22 /* Supporting Files */,
			);
			path = "Flappy ButterflyTests";
			sourceTree = "<group>";
		};
		4CCB8E2D19850E3200043A22 /* Supporting Files */ = {
			isa = PBXGroup;
			children = (
				4CCB8E2E19850E3200043A22 /* Flappy ButterflyTests-Info.plist */,
				4CCB8E2F19850E3200043A22 /* InfoPlist.strings */,
			);
			name = "Supporting Files";
			sourceTree = "<group>";
		};
		4CCB8E3C198511C200043A22 /* Resources */ = {
			isa = PBXGroup;
			children = (
				4CCB8E551985569300043A22 /* flowers */,
				4CCB8E5219852F7F00043A22 /* background */,
				4CCB8E3D198518B700043A22 /* butterfly */,
			);
			name = Resources;
			sourceTree = "<group>";
		};
		4CCB8E3D198518B700043A22 /* butterfly */ = {
			isa = PBXGroup;
			children = (
				4CCB8E3E198518CC00043A22 /* butterfly1.png */,
				4CCB8E3F198518CC00043A22 /* butterfly2.png */,
				4CCB8E40198518CC00043A22 /* butterfly3.png */,
				4CCB8E41198518CC00043A22 /* butterfly4.png */,
				4CCB8E42198518CC00043A22 /* butterfly5.png */,
				4CCB8E43198518CC00043A22 /* butterfly6.png */,
				4CCB8E44198518CC00043A22 /* butterfly7.png */,
				4CCB8E45198518CC00043A22 /* butterfly8.png */,
				4CCB8E46198518CC00043A22 /* butterfly9.png */,
				4CCB8E47198518CC00043A22 /* butterfly10.png */,
			);
			name = butterfly;
			sourceTree = "<group>";
		};
		4CCB8E5219852F7F00043A22 /* background */ = {
			isa = PBXGroup;
			children = (
				4C68430D19896DAF00E52B30 /* backgroundG.png */,
				4CAACB531987013A007B1487 /* cloud2048.png */,
				4CAACB4B1986F4DB007B1487 /* back.png */,
				4CCB8E5319852F9D00043A22 /* back1.png */,
			);
			name = background;
			sourceTree = "<group>";
		};
		4CCB8E551985569300043A22 /* flowers */ = {
			isa = PBXGroup;
			children = (
				4C68430A1989600700E52B30 /* fl32.png */,
				4C68430819895FFF00E52B30 /* fl23.png */,
				4C68430619895FF800E52B30 /* fl22.png */,
				4C6842FB19895E6100E52B30 /* fl13.png */,
				4C6842F919895AA900E52B30 /* fl12.png */,
			);
			name = flowers;
			sourceTree = "<group>";
		};
		4CCB8E6019855A5700043A22 /* Nodes */ = {
			isa = PBXGroup;
			children = (
				4CCB8E6119855A8F00043A22 /* flower_1.h */,
				4CCB8E6219855A8F00043A22 /* flower_1.m */,
				4CAACB3F19867479007B1487 /* flower_2.h */,
				4CAACB4019867479007B1487 /* flower_2.m */,
				4C6842FD19895F4800E52B30 /* flower_3.h */,
				4C6842FE19895F4800E52B30 /* flower_3.m */,
				4C68430019895F5C00E52B30 /* flower_4.h */,
				4C68430119895F5C00E52B30 /* flower_4.m */,
				4C68430319895F7B00E52B30 /* flower_5.h */,
				4C68430419895F7B00E52B30 /* flower_5.m */,
			);
			name = Nodes;
			sourceTree = "<group>";
		};
/* End PBXGroup section */

/* Begin PBXNativeTarget section */
		4CCB8DF919850E3100043A22 /* Flappy Butterfly */ = {
			isa = PBXNativeTarget;
			buildConfigurationList = 4CCB8E3619850E3200043A22 /* Build configuration list for PBXNativeTarget "Flappy Butterfly" */;
			buildPhases = (
				4CCB8DF619850E3100043A22 /* Sources */,
				4CCB8DF719850E3100043A22 /* Frameworks */,
				4CCB8DF819850E3100043A22 /* Resources */,
			);
			buildRules = (
			);
			dependencies = (
			);
			name = "Flappy Butterfly";
			productName = "Flappy Butterfly";
			productReference = 4CCB8DFA19850E3100043A22 /* Flappy Butterfly.app */;
			productType = "com.apple.product-type.application";
		};
		4CCB8E2419850E3200043A22 /* Flappy ButterflyTests */ = {
			isa = PBXNativeTarget;
			buildConfigurationList = 4CCB8E3919850E3200043A22 /* Build configuration list for PBXNativeTarget "Flappy ButterflyTests" */;
			buildPhases = (
				4CCB8E2119850E3200043A22 /* Sources */,
				4CCB8E2219850E3200043A22 /* Frameworks */,
				4CCB8E2319850E3200043A22 /* Resources */,
			);
			buildRules = (
			);
			dependencies = (
				4CCB8E2B19850E3200043A22 /* PBXTargetDependency */,
			);
			name = "Flappy ButterflyTests";
			productName = "Flappy ButterflyTests";
			productReference = 4CCB8E2519850E3200043A22 /* Flappy ButterflyTests.xctest */;
			productType = "com.apple.product-type.bundle.unit-test";
		};
/* End PBXNativeTarget section */

/* Begin PBXProject section */
		4CCB8DF219850E3100043A22 /* Project object */ = {
			isa = PBXProject;
			attributes = {
				LastUpgradeCheck = 0510;
				ORGANIZATIONNAME = "___FULLUSERNAME___";
				TargetAttributes = {
					4CCB8E2419850E3200043A22 = {
						TestTargetID = 4CCB8DF919850E3100043A22;
					};
				};
			};
			buildConfigurationList = 4CCB8DF519850E3100043A22 /* Build configuration list for PBXProject "Flappy Butterfly" */;
			compatibilityVersion = "Xcode 3.2";
			developmentRegion = English;
			hasScannedForEncodings = 0;
			knownRegions = (
				en,
				Base,
			);
			mainGroup = 4CCB8DF119850E3100043A22;
			productRefGroup = 4CCB8DFB19850E3100043A22 /* Products */;
			projectDirPath = "";
			projectRoot = "";
			targets = (
				4CCB8DF919850E3100043A22 /* Flappy Butterfly */,
				4CCB8E2419850E3200043A22 /* Flappy ButterflyTests */,
			);
		};
/* End PBXProject section */

/* Begin PBXResourcesBuildPhase section */
		4CCB8DF819850E3100043A22 /* Resources */ = {
			isa = PBXResourcesBuildPhase;
			buildActionMask = 2147483647;
			files = (
				4CCB8E4A198518CC00043A22 /* butterfly3.png in Resources */,
				4C68430E19896DAF00E52B30 /* backgroundG.png in Resources */,
				4CCB8E1E19850E3100043A22 /* Spaceship.png in Resources */,
				4C68430919895FFF00E52B30 /* fl23.png in Resources */,
				4CCB8E4B198518CC00043A22 /* butterfly4.png in Resources */,
				4CCB8E2019850E3100043A22 /* Images.xcassets in Resources */,
				4CCB8E48198518CC00043A22 /* butterfly1.png in Resources */,
				4C68430B1989600700E52B30 /* fl32.png in Resources */,
				4CCB8E1619850E3100043A22 /* Main_iPad.storyboard in Resources */,
				4C6842FA19895AA900E52B30 /* fl12.png in Resources */,
				4CCB8E4F198518CC00043A22 /* butterfly8.png in Resources */,
				4CCB8E1319850E3100043A22 /* Main_iPhone.storyboard in Resources */,
				4C6842FC19895E6100E52B30 /* fl13.png in Resources */,
				4CCB8E51198518CC00043A22 /* butterfly10.png in Resources */,
				4CCB8E49198518CC00043A22 /* butterfly2.png in Resources */,
				4CCB8E4E198518CC00043A22 /* butterfly7.png in Resources */,
				4CCB8E4D198518CC00043A22 /* butterfly6.png in Resources */,
				4CCB8E4C198518CC00043A22 /* butterfly5.png in Resources */,
				4CAACB4C1986F4DB007B1487 /* back.png in Resources */,
				4CAACB541987013A007B1487 /* cloud2048.png in Resources */,
				4CCB8E50198518CC00043A22 /* butterfly9.png in Resources */,
				4CCB8E5419852F9D00043A22 /* back1.png in Resources */,
				4CCB8E0A19850E3100043A22 /* InfoPlist.strings in Resources */,
				4C68430719895FF800E52B30 /* fl22.png in Resources */,
			);
			runOnlyForDeploymentPostprocessing = 0;
		};
		4CCB8E2319850E3200043A22 /* Resources */ = {
			isa = PBXResourcesBuildPhase;
			buildActionMask = 2147483647;
			files = (
				4CCB8E3119850E3200043A22 /* InfoPlist.strings in Resources */,
			);
			runOnlyForDeploymentPostprocessing = 0;
		};
/* End PBXResourcesBuildPhase section */

/* Begin PBXSourcesBuildPhase section */
		4CCB8DF619850E3100043A22 /* Sources */ = {
			isa = PBXSourcesBuildPhase;
			buildActionMask = 2147483647;
			files = (
				4CCB8E1C19850E3100043A22 /* MyScene.m in Sources */,
				4C6842FF19895F4800E52B30 /* flower_3.m in Sources */,
				4CCB8E1919850E3100043A22 /* ViewController.m in Sources */,
				4C68430219895F5C00E52B30 /* flower_4.m in Sources */,
				4CCB8E1019850E3100043A22 /* AppDelegate.m in Sources */,
				4C68430519895F7B00E52B30 /* flower_5.m in Sources */,
				4CAACB4119867479007B1487 /* flower_2.m in Sources */,
				4CAACB491986E1AE007B1487 /* easing.c in Sources */,
				4CCB8E6319855A8F00043A22 /* flower_1.m in Sources */,
				4CCB8E0C19850E3100043A22 /* main.m in Sources */,
				4CAACB4A1986E1AE007B1487 /* SKEase.m in Sources */,
			);
			runOnlyForDeploymentPostprocessing = 0;
		};
		4CCB8E2119850E3200043A22 /* Sources */ = {
			isa = PBXSourcesBuildPhase;
			buildActionMask = 2147483647;
			files = (
				4CCB8E3319850E3200043A22 /* Flappy_ButterflyTests.m in Sources */,
			);
			runOnlyForDeploymentPostprocessing = 0;
		};
/* End PBXSourcesBuildPhase section */

/* Begin PBXTargetDependency section */
		4CCB8E2B19850E3200043A22 /* PBXTargetDependency */ = {
			isa = PBXTargetDependency;
			target = 4CCB8DF919850E3100043A22 /* Flappy Butterfly */;
			targetProxy = 4CCB8E2A19850E3200043A22 /* PBXContainerItemProxy */;
		};
/* End PBXTargetDependency section */

/* Begin PBXVariantGroup section */
		4CCB8E0819850E3100043A22 /* InfoPlist.strings */ = {
			isa = PBXVariantGroup;
			children = (
				4CCB8E0919850E3100043A22 /* en */,
			);
			name = InfoPlist.strings;
			sourceTree = "<group>";
		};
		4CCB8E1119850E3100043A22 /* Main_iPhone.storyboard */ = {
			isa = PBXVariantGroup;
			children = (
				4CCB8E1219850E3100043A22 /* Base */,
			);
			name = Main_iPhone.storyboard;
			sourceTree = "<group>";
		};
		4CCB8E1419850E3100043A22 /* Main_iPad.storyboard */ = {
			isa = PBXVariantGroup;
			children = (
				4CCB8E1519850E3100043A22 /* Base */,
			);
			name = Main_iPad.storyboard;
			sourceTree = "<group>";
		};
		4CCB8E2F19850E3200043A22 /* InfoPlist.strings */ = {
			isa = PBXVariantGroup;
			children = (
				4CCB8E3019850E3200043A22 /* en */,
			);
			name = InfoPlist.strings;
			sourceTree = "<group>";
		};
/* End PBXVariantGroup section */

/* Begin XCBuildConfiguration section */
		4CCB8E3419850E3200043A22 /* Debug */ = {
			isa = XCBuildConfiguration;
			buildSettings = {
				ALWAYS_SEARCH_USER_PATHS = NO;
				CLANG_CXX_LANGUAGE_STANDARD = "gnu++0x";
				CLANG_CXX_LIBRARY = "libc++";
				CLANG_ENABLE_MODULES = YES;
				CLANG_ENABLE_OBJC_ARC = YES;
				CLANG_WARN_BOOL_CONVERSION = YES;
				CLANG_WARN_CONSTANT_CONVERSION = YES;
				CLANG_WARN_DIRECT_OBJC_ISA_USAGE = YES_ERROR;
				CLANG_WARN_EMPTY_BODY = YES;
				CLANG_WARN_ENUM_CONVERSION = YES;
				CLANG_WARN_INT_CONVERSION = YES;
				CLANG_WARN_OBJC_ROOT_CLASS = YES_ERROR;
				CLANG_WARN__DUPLICATE_METHOD_MATCH = YES;
				"CODE_SIGN_IDENTITY[sdk=iphoneos*]" = "iPhone Developer";
				COPY_PHASE_STRIP = NO;
				GCC_C_LANGUAGE_STANDARD = gnu99;
				GCC_DYNAMIC_NO_PIC = NO;
				GCC_OPTIMIZATION_LEVEL = 0;
				GCC_PREPROCESSOR_DEFINITIONS = (
					"DEBUG=1",
					"$(inherited)",
				);
				GCC_SYMBOLS_PRIVATE_EXTERN = NO;
				GCC_WARN_64_TO_32_BIT_CONVERSION = YES;
				GCC_WARN_ABOUT_RETURN_TYPE = YES_ERROR;
				GCC_WARN_UNDECLARED_SELECTOR = YES;
				GCC_WARN_UNINITIALIZED_AUTOS = YES_AGGRESSIVE;
				GCC_WARN_UNUSED_FUNCTION = YES;
				GCC_WARN_UNUSED_VARIABLE = YES;
				IPHONEOS_DEPLOYMENT_TARGET = 7.1;
				ONLY_ACTIVE_ARCH = YES;
				SDKROOT = iphoneos;
				TARGETED_DEVICE_FAMILY = "1,2";
			};
			name = Debug;
		};
		4CCB8E3519850E3200043A22 /* Release */ = {
			isa = XCBuildConfiguration;
			buildSettings = {
				ALWAYS_SEARCH_USER_PATHS = NO;
				CLANG_CXX_LANGUAGE_STANDARD = "gnu++0x";
				CLANG_CXX_LIBRARY = "libc++";
				CLANG_ENABLE_MODULES = YES;
				CLANG_ENABLE_OBJC_ARC = YES;
				CLANG_WARN_BOOL_CONVERSION = YES;
				CLANG_WARN_CONSTANT_CONVERSION = YES;
				CLANG_WARN_DIRECT_OBJC_ISA_USAGE = YES_ERROR;
				CLANG_WARN_EMPTY_BODY = YES;
				CLANG_WARN_ENUM_CONVERSION = YES;
				CLANG_WARN_INT_CONVERSION = YES;
				CLANG_WARN_OBJC_ROOT_CLASS = YES_ERROR;
				CLANG_WARN__DUPLICATE_METHOD_MATCH = YES;
				"CODE_SIGN_IDENTITY[sdk=iphoneos*]" = "iPhone Developer";
				COPY_PHASE_STRIP = YES;
				ENABLE_NS_ASSERTIONS = NO;
				GCC_C_LANGUAGE_STANDARD = gnu99;
				GCC_WARN_64_TO_32_BIT_CONVERSION = YES;
				GCC_WARN_ABOUT_RETURN_TYPE = YES_ERROR;
				GCC_WARN_UNDECLARED_SELECTOR = YES;
				GCC_WARN_UNINITIALIZED_AUTOS = YES_AGGRESSIVE;
				GCC_WARN_UNUSED_FUNCTION = YES;
				GCC_WARN_UNUSED_VARIABLE = YES;
				IPHONEOS_DEPLOYMENT_TARGET = 7.1;
				SDKROOT = iphoneos;
				TARGETED_DEVICE_FAMILY = "1,2";
				VALIDATE_PRODUCT = YES;
			};
			name = Release;
		};
		4CCB8E3719850E3200043A22 /* Debug */ = {
			isa = XCBuildConfiguration;
			buildSettings = {
				ASSETCATALOG_COMPILER_APPICON_NAME = AppIcon;
				ASSETCATALOG_COMPILER_LAUNCHIMAGE_NAME = LaunchImage;
				GCC_PRECOMPILE_PREFIX_HEADER = YES;
				GCC_PREFIX_HEADER = "Flappy Butterfly/Flappy Butterfly-Prefix.pch";
				INFOPLIST_FILE = "Flappy Butterfly/Flappy Butterfly-Info.plist";
				PRODUCT_NAME = "$(TARGET_NAME)";
				SPRITEKIT_TEXTURE_ATLAS_OUTPUT = YES;
				WRAPPER_EXTENSION = app;
			};
			name = Debug;
		};
		4CCB8E3819850E3200043A22 /* Release */ = {
			isa = XCBuildConfiguration;
			buildSettings = {
				ASSETCATALOG_COMPILER_APPICON_NAME = AppIcon;
				ASSETCATALOG_COMPILER_LAUNCHIMAGE_NAME = LaunchImage;
				GCC_PRECOMPILE_PREFIX_HEADER = YES;
				GCC_PREFIX_HEADER = "Flappy Butterfly/Flappy Butterfly-Prefix.pch";
				INFOPLIST_FILE = "Flappy Butterfly/Flappy Butterfly-Info.plist";
				PRODUCT_NAME = "$(TARGET_NAME)";
				SPRITEKIT_TEXTURE_ATLAS_OUTPUT = YES;
				WRAPPER_EXTENSION = app;
			};
			name = Release;
		};
		4CCB8E3A19850E3200043A22 /* Debug */ = {
			isa = XCBuildConfiguration;
			buildSettings = {
				BUNDLE_LOADER = "$(BUILT_PRODUCTS_DIR)/Flappy Butterfly.app/Flappy Butterfly";
				FRAMEWORK_SEARCH_PATHS = (
					"$(SDKROOT)/Developer/Library/Frameworks",
					"$(inherited)",
					"$(DEVELOPER_FRAMEWORKS_DIR)",
				);
				GCC_PRECOMPILE_PREFIX_HEADER = YES;
				GCC_PREFIX_HEADER = "Flappy Butterfly/Flappy Butterfly-Prefix.pch";
				GCC_PREPROCESSOR_DEFINITIONS = (
					"DEBUG=1",
					"$(inherited)",
				);
				INFOPLIST_FILE = "Flappy ButterflyTests/Flappy ButterflyTests-Info.plist";
				PRODUCT_NAME = "$(TARGET_NAME)";
				TEST_HOST = "$(BUNDLE_LOADER)";
				WRAPPER_EXTENSION = xctest;
			};
			name = Debug;
		};
		4CCB8E3B19850E3200043A22 /* Release */ = {
			isa = XCBuildConfiguration;
			buildSettings = {
				BUNDLE_LOADER = "$(BUILT_PRODUCTS_DIR)/Flappy Butterfly.app/Flappy Butterfly";
				FRAMEWORK_SEARCH_PATHS = (
					"$(SDKROOT)/Developer/Library/Frameworks",
					"$(inherited)",
					"$(DEVELOPER_FRAMEWORKS_DIR)",
				);
				GCC_PRECOMPILE_PREFIX_HEADER = YES;
				GCC_PREFIX_HEADER = "Flappy Butterfly/Flappy Butterfly-Prefix.pch";
				INFOPLIST_FILE = "Flappy ButterflyTests/Flappy ButterflyTests-Info.plist";
				PRODUCT_NAME = "$(TARGET_NAME)";
				TEST_HOST = "$(BUNDLE_LOADER)";
				WRAPPER_EXTENSION = xctest;
			};
			name = Release;
		};
/* End XCBuildConfiguration section */

/* Begin XCConfigurationList section */
		4CCB8DF519850E3100043A22 /* Build configuration list for PBXProject "Flappy Butterfly" */ = {
			isa = XCConfigurationList;
			buildConfigurations = (
				4CCB8E3419850E3200043A22 /* Debug */,
				4CCB8E3519850E3200043A22 /* Release */,
			);
			defaultConfigurationIsVisible = 0;
			defaultConfigurationName = Release;
		};
		4CCB8E3619850E3200043A22 /* Build configuration list for PBXNativeTarget "Flappy Butterfly" */ = {
			isa = XCConfigurationList;
			buildConfigurations = (
				4CCB8E3719850E3200043A22 /* Debug */,
				4CCB8E3819850E3200043A22 /* Release */,
			);
			defaultConfigurationIsVisible = 0;
			defaultConfigurationName = Release;
		};
		4CCB8E3919850E3200043A22 /* Build configuration list for PBXNativeTarget "Flappy ButterflyTests" */ = {
			isa = XCConfigurationList;
			buildConfigurations = (
				4CCB8E3A19850E3200043A22 /* Debug */,
				4CCB8E3B19850E3200043A22 /* Release */,
			);
			defaultConfigurationIsVisible = 0;
			defaultConfigurationName = Release;
		};
/* End XCConfigurationList section */
	};
	rootObject = 4CCB8DF219850E3100043A22 /* Project object */;
}
